{
  "name": "blessed-trainers",
  "version": "1.0.0",
  "lockfileVersion": 1,
  "requires": true,
  "dependencies": {
    "simplelightbox": {
      "version": "2.2.2",
      "resolved": "https://registry.npmjs.org/simplelightbox/-/simplelightbox-2.2.2.tgz",
      "integrity": "sha512-MnS1r2jSfAFKAFAJ1gW+IJaBmx55WoU5+0XWXhMT7Tfr+nPMu06dLPrJSx2L0LVChgBqd4oHEBr0d9AIlDgcyg=="
    }
  }
}
